// !$*UTF8*$!
{
	archiveVersion = 1;
	classes = {
	};
	objectVersion = 48;
	objects = {

/* Begin PBXBuildFile section */
		2408714B203285800090CFCB /* AppDelegate.swift in Sources */ = {isa = PBXBuildFile; fileRef = 2408714A203285800090CFCB /* AppDelegate.swift */; };
		2408714D203285800090CFCB /* ViewController.swift in Sources */ = {isa = PBXBuildFile; fileRef = 2408714C203285800090CFCB /* ViewController.swift */; };
		24087150203285800090CFCB /* Main.storyboard in Resources */ = {isa = PBXBuildFile; fileRef = 2408714E203285800090CFCB /* Main.storyboard */; };
		24087152203285800090CFCB /* Assets.xcassets in Resources */ = {isa = PBXBuildFile; fileRef = 24087151203285800090CFCB /* Assets.xcassets */; };
		24087155203285800090CFCB /* LaunchScreen.storyboard in Resources */ = {isa = PBXBuildFile; fileRef = 24087153203285800090CFCB /* LaunchScreen.storyboard */; };
		2408716120328BD20090CFCB /* QuizDataModel.swift in Sources */ = {isa = PBXBuildFile; fileRef = 2408716020328BD20090CFCB /* QuizDataModel.swift */; };
		240871652032971D0090CFCB /* QuizScreenController.swift in Sources */ = {isa = PBXBuildFile; fileRef = 240871642032971D0090CFCB /* QuizScreenController.swift */; };
		240871672034E64D0090CFCB /* FinalScreenController.swift in Sources */ = {isa = PBXBuildFile; fileRef = 240871662034E64D0090CFCB /* FinalScreenController.swift */; };
/* End PBXBuildFile section */

/* Begin PBXFileReference section */
		24087147203285800090CFCB /* TestYourLuck.app */ = {isa = PBXFileReference; explicitFileType = wrapper.application; includeInIndex = 0; path = TestYourLuck.app; sourceTree = BUILT_PRODUCTS_DIR; };
		2408714A203285800090CFCB /* AppDelegate.swift */ = {isa = PBXFileReference; lastKnownFileType = sourcecode.swift; path = AppDelegate.swift; sourceTree = "<group>"; };
		2408714C203285800090CFCB /* ViewController.swift */ = {isa = PBXFileReference; lastKnownFileType = sourcecode.swift; path = ViewController.swift; sourceTree = "<group>"; };
		2408714F203285800090CFCB /* Base */ = {isa = PBXFileReference; lastKnownFileType = file.storyboard; name = Base; path = Base.lproj/Main.storyboard; sourceTree = "<group>"; };
		24087151203285800090CFCB /* Assets.xcassets */ = {isa = PBXFileReference; lastKnownFileType = folder.assetcatalog; path = Assets.xcassets; sourceTree = "<group>"; };
		24087154203285800090CFCB /* Base */ = {isa = PBXFileReference; lastKnownFileType = file.storyboard; name = Base; path = Base.lproj/LaunchScreen.storyboard; sourceTree = "<group>"; };
		24087156203285800090CFCB /* Info.plist */ = {isa = PBXFileReference; lastKnownFileType = text.plist.xml; path = Info.plist; sourceTree = "<group>"; };
		2408716020328BD20090CFCB /* QuizDataModel.swift */ = {isa = PBXFileReference; lastKnownFileType = sourcecode.swift; path = QuizDataModel.swift; sourceTree = "<group>"; };
		240871642032971D0090CFCB /* QuizScreenController.swift */ = {isa = PBXFileReference; lastKnownFileType = sourcecode.swift; path = QuizScreenController.swift; sourceTree = "<group>"; };
		240871662034E64D0090CFCB /* FinalScreenController.swift */ = {isa = PBXFileReference; lastKnownFileType = sourcecode.swift; path = FinalScreenController.swift; sourceTree = "<group>"; };
/* End PBXFileReference section */

/* Begin PBXFrameworksBuildPhase section */
		24087144203285800090CFCB /* Frameworks */ = {
			isa = PBXFrameworksBuildPhase;
			buildActionMask = 2147483647;
			files = (
			);
			runOnlyForDeploymentPostprocessing = 0;
		};
/* End PBXFrameworksBuildPhase section */

/* Begin PBXGroup section */
		2408713E203285800090CFCB = {
			isa = PBXGroup;
			children = (
				2408716020328BD20090CFCB /* QuizDataModel.swift */,
				24087149203285800090CFCB /* TestYourLuck */,
				24087148203285800090CFCB /* Products */,
			);
			sourceTree = "<group>";
		};
		24087148203285800090CFCB /* Products */ = {
			isa = PBXGroup;
			children = (
				24087147203285800090CFCB /* TestYourLuck.app */,
			);
			name = Products;
			sourceTree = "<group>";
		};
		24087149203285800090CFCB /* TestYourLuck */ = {
			isa = PBXGroup;
			children = (
				2408714A203285800090CFCB /* AppDelegate.swift */,
				2408714C203285800090CFCB /* ViewController.swift */,
				240871642032971D0090CFCB /* QuizScreenController.swift */,
				240871662034E64D0090CFCB /* FinalScreenController.swift */,
				2408714E203285800090CFCB /* Main.storyboard */,
				24087151203285800090CFCB /* Assets.xcassets */,
				24087153203285800090CFCB /* LaunchScreen.storyboard */,
				24087156203285800090CFCB /* Info.plist */,
			);
			path = TestYourLuck;
			sourceTree = "<group>";
		};
/* End PBXGroup section */

/* Begin PBXNativeTarget section */
		24087146203285800090CFCB /* TestYourLuck */ = {
			isa = PBXNativeTarget;
			buildConfigurationList = 24087159203285800090CFCB /* Build configuration list for PBXNativeTarget "TestYourLuck" */;
			buildPhases = (
				24087143203285800090CFCB /* Sources */,
				24087144203285800090CFCB /* Frameworks */,
				24087145203285800090CFCB /* Resources */,
			);
			buildRules = (
			);
			dependencies = (
			);
			name = TestYourLuck;
			productName = TestYourLuck;
			productReference = 24087147203285800090CFCB /* TestYourLuck.app */;
			productType = "com.apple.product-type.application";
		};
/* End PBXNativeTarget section */

/* Begin PBXProject section */
		2408713F203285800090CFCB /* Project object */ = {
			isa = PBXProject;
			attributes = {
				LastSwiftUpdateCheck = 0920;
				LastUpgradeCheck = 0920;
				ORGANIZATIONNAME = "Team Cowdog";
				TargetAttributes = {
					24087146203285800090CFCB = {
						CreatedOnToolsVersion = 9.2;
						ProvisioningStyle = Automatic;
					};
				};
			};
			buildConfigurationList = 24087142203285800090CFCB /* Build configuration list for PBXProject "TestYourLuck" */;
			compatibilityVersion = "Xcode 8.0";
			developmentRegion = en;
			hasScannedForEncodings = 0;
			knownRegions = (
				en,
				Base,
			);
			mainGroup = 2408713E203285800090CFCB;
			productRefGroup = 24087148203285800090CFCB /* Products */;
			projectDirPath = "";
			projectRoot = "";
			targets = (
				24087146203285800090CFCB /* TestYourLuck */,
			);
		};
/* End PBXProject section */

/* Begin PBXResourcesBuildPhase section */
		24087145203285800090CFCB /* Resources */ = {
			isa = PBXResourcesBuildPhase;
			buildActionMask = 2147483647;
			files = (
				24087155203285800090CFCB /* LaunchScreen.storyboard in Resources */,
				24087152203285800090CFCB /* Assets.xcassets in Resources */,
				24087150203285800090CFCB /* Main.storyboard in Resources */,
			);
			runOnlyForDeploymentPostprocessing = 0;
		};
/* End PBXResourcesBuildPhase section */

/* Begin PBXSourcesBuildPhase section */
		24087143203285800090CFCB /* Sources */ = {
			isa = PBXSourcesBuildPhase;
			buildActionMask = 2147483647;
			files = (
				2408714D203285800090CFCB /* ViewController.swift in Sources */,
				2408716120328BD20090CFCB /* QuizDataModel.swift in Sources */,
				240871672034E64D0090CFCB /* FinalScreenController.swift in Sources */,
				240871652032971D0090CFCB /* QuizScreenController.swift in Sources */,
				2408714B203285800090CFCB /* AppDelegate.swift in Sources */,
			);
			runOnlyForDeploymentPostprocessing = 0;
		};
/* End PBXSourcesBuildPhase section */

/* Begin PBXVariantGroup section */
		2408714E203285800090CFCB /* Main.storyboard */ = {
			isa = PBXVariantGroup;
			children = (
				2408714F203285800090CFCB /* Base */,
			);
			name = Main.storyboard;
			sourceTree = "<group>";
		};
		24087153203285800090CFCB /* LaunchScreen.storyboard */ = {
			isa = PBXVariantGroup;
			children = (
				24087154203285800090CFCB /* Base */,
			);
			name = LaunchScreen.storyboard;
			sourceTree = "<group>";
		};
/* End PBXVariantGroup section */

/* Begin XCBuildConfiguration section */
		24087157203285800090CFCB /* Debug */ = {
			isa = XCBuildConfiguration;
			buildSettings = {
				ALWAYS_SEARCH_USER_PATHS = NO;
				CLANG_ANALYZER_NONNULL = YES;
				CLANG_ANALYZER_NUMBER_OBJECT_CONVERSION = YES_AGGRESSIVE;
				CLANG_CXX_LANGUAGE_STANDARD = "gnu++14";
				CLANG_CXX_LIBRARY = "libc++";
				CLANG_ENABLE_MODULES = YES;
				CLANG_ENABLE_OBJC_ARC = YES;
				CLANG_WARN_BLOCK_CAPTURE_AUTORELEASING = YES;
				CLANG_WARN_BOOL_CONVERSION = YES;
				CLANG_WARN_COMMA = YES;
				CLANG_WARN_CONSTANT_CONVERSION = YES;
				CLANG_WARN_DIRECT_OBJC_ISA_USAGE = YES_ERROR;
				CLANG_WARN_DOCUMENTATION_COMMENTS = YES;
				CLANG_WARN_EMPTY_BODY = YES;
				CLANG_WARN_ENUM_CONVERSION = YES;
				CLANG_WARN_INFINITE_RECURSION = YES;
				CLANG_WARN_INT_CONVERSION = YES;
				CLANG_WARN_NON_LITERAL_NULL_CONVERSION = YES;
				CLANG_WARN_OBJC_LITERAL_CONVERSION = YES;
				CLANG_WARN_OBJC_ROOT_CLASS = YES_ERROR;
				CLANG_WARN_RANGE_LOOP_ANALYSIS = YES;
				CLANG_WARN_STRICT_PROTOTYPES = YES;
				CLANG_WARN_SUSPICIOUS_MOVE = YES;
				CLANG_WARN_UNGUARDED_AVAILABILITY = YES_AGGRESSIVE;
				CLANG_WARN_UNREACHABLE_CODE = YES;
				CLANG_WARN__DUPLICATE_METHOD_MATCH = YES;
				CODE_SIGN_IDENTITY = "iPhone Developer";
				COPY_PHASE_STRIP = NO;
				DEBUG_INFORMATION_FORMAT = dwarf;
				ENABLE_STRICT_OBJC_MSGSEND = YES;
				ENABLE_TESTABILITY = YES;
				GCC_C_LANGUAGE_STANDARD = gnu11;
				GCC_DYNAMIC_NO_PIC = NO;
				GCC_NO_COMMON_BLOCKS = YES;
				GCC_OPTIMIZATION_LEVEL = 0;
				GCC_PREPROCESSOR_DEFINITIONS = (
					"DEBUG=1",
					"$(inherited)",
				);
				GCC_WARN_64_TO_32_BIT_CONVERSION = YES;
				GCC_WARN_ABOUT_RETURN_TYPE = YES_ERROR;
				GCC_WARN_UNDECLARED_SELECTOR = YES;
				GCC_WARN_UNINITIALIZED_AUTOS = YES_AGGRESSIVE;
				GCC_WARN_UNUSED_FUNCTION = YES;
				GCC_WARN_UNUSED_VARIABLE = YES;
				IPHONEOS_DEPLOYMENT_TARGET = 11.2;
				MTL_ENABLE_DEBUG_INFO = YES;
				ONLY_ACTIVE_ARCH = YES;
				SDKROOT = iphoneos;
				SWIFT_ACTIVE_COMPILATION_CONDITIONS = DEBUG;
				SWIFT_OPTIMIZATION_LEVEL = "-Onone";
			};
			name = Debug;
		};
		24087158203285800090CFCB /* Release */ = {
			isa = XCBuildConfiguration;
			buildSettings = {
				ALWAYS_SEARCH_USER_PATHS = NO;
				CLANG_ANALYZER_NONNULL = YES;
				CLANG_ANALYZER_NUMBER_OBJECT_CONVERSION = YES_AGGRESSIVE;
				CLANG_CXX_LANGUAGE_STANDARD = "gnu++14";
				CLANG_CXX_LIBRARY = "libc++";
				CLANG_ENABLE_MODULES = YES;
				CLANG_ENABLE_OBJC_ARC = YES;
				CLANG_WARN_BLOCK_CAPTURE_AUTORELEASING = YES;
				CLANG_WARN_BOOL_CONVERSION = YES;
				CLANG_WARN_COMMA = YES;
				CLANG_WARN_CONSTANT_CONVERSION = YES;
				CLANG_WARN_DIRECT_OBJC_ISA_USAGE = YES_ERROR;
				CLANG_WARN_DOCUMENTATION_COMMENTS = YES;
				CLANG_WARN_EMPTY_BODY = YES;
				CLANG_WARN_ENUM_CONVERSION = YES;
				CLANG_WARN_INFINITE_RECURSION = YES;
				CLANG_WARN_INT_CONVERSION = YES;
				CLANG_WARN_NON_LITERAL_NULL_CONVERSION = YES;
				CLANG_WARN_OBJC_LITERAL_CONVERSION = YES;
				CLANG_WARN_OBJC_ROOT_CLASS = YES_ERROR;
				CLANG_WARN_RANGE_LOOP_ANALYSIS = YES;
				CLANG_WARN_STRICT_PROTOTYPES = YES;
				CLANG_WARN_SUSPICIOUS_MOVE = YES;
				CLANG_WARN_UNGUARDED_AVAILABILITY = YES_AGGRESSIVE;
				CLANG_WARN_UNREACHABLE_CODE = YES;
				CLANG_WARN__DUPLICATE_METHOD_MATCH = YES;
				CODE_SIGN_IDENTITY = "iPhone Developer";
				COPY_PHASE_STRIP = NO;
				DEBUG_INFORMATION_FORMAT = "dwarf-with-dsym";
				ENABLE_NS_ASSERTIONS = NO;
				ENABLE_STRICT_OBJC_MSGSEND = YES;
				GCC_C_LANGUAGE_STANDARD = gnu11;
				GCC_NO_COMMON_BLOCKS = YES;
				GCC_WARN_64_TO_32_BIT_CONVERSION = YES;
				GCC_WARN_ABOUT_RETURN_TYPE = YES_ERROR;
				GCC_WARN_UNDECLARED_SELECTOR = YES;
				GCC_WARN_UNINITIALIZED_AUTOS = YES_AGGRESSIVE;
				GCC_WARN_UNUSED_FUNCTION = YES;
				GCC_WARN_UNUSED_VARIABLE = YES;
				IPHONEOS_DEPLOYMENT_TARGET = 11.2;
				MTL_ENABLE_DEBUG_INFO = NO;
				SDKROOT = iphoneos;
				SWIFT_OPTIMIZATION_LEVEL = "-Owholemodule";
				VALIDATE_PRODUCT = YES;
			};
			name = Release;
		};
		2408715A203285800090CFCB /* Debug */ = {
			isa = XCBuildConfiguration;
			buildSettings = {
				ASSETCATALOG_COMPILER_APPICON_NAME = AppIcon;
				CODE_SIGN_STYLE = Automatic;
				DEVELOPMENT_TEAM = 8FWTKQVFLS;
				INFOPLIST_FILE = TestYourLuck/Info.plist;
				IPHONEOS_DEPLOYMENT_TARGET = 9.3;
				LD_RUNPATH_SEARCH_PATHS = "$(inherited) @executable_path/Frameworks";
				PRODUCT_BUNDLE_IDENTIFIER = com.ubakat.TestYourLuck;
				PRODUCT_NAME = "$(TARGET_NAME)";
				SWIFT_VERSION = 4.0;
				TARGETED_DEVICE_FAMILY = "1,2";
			};
			name = Debug;
		};
		2408715B203285800090CFCB /* Release */ = {
			isa = XCBuildConfiguration;
			buildSettings = {
				ASSETCATALOG_COMPILER_APPICON_NAME = AppIcon;
				CODE_SIGN_STYLE = Automatic;
				DEVELOPMENT_TEAM = 8FWTKQVFLS;
				INFOPLIST_FILE = TestYourLuck/Info.plist;
				IPHONEOS_DEPLOYMENT_TARGET = 9.3;
				LD_RUNPATH_SEARCH_PATHS = "$(inherited) @executable_path/Frameworks";
				PRODUCT_BUNDLE_IDENTIFIER = com.ubakat.TestYourLuck;
				PRODUCT_NAME = "$(TARGET_NAME)";
				SWIFT_VERSION = 4.0;
				TARGETED_DEVICE_FAMILY = "1,2";
			};
			name = Release;
		};
/* End XCBuildConfiguration section */

/* Begin XCConfigurationList section */
		24087142203285800090CFCB /* Build configuration list for PBXProject "TestYourLuck" */ = {
			isa = XCConfigurationList;
			buildConfigurations = (
				24087157203285800090CFCB /* Debug */,
				24087158203285800090CFCB /* Release */,
			);
			defaultConfigurationIsVisible = 0;
			defaultConfigurationName = Release;
		};
		24087159203285800090CFCB /* Build configuration list for PBXNativeTarget "TestYourLuck" */ = {
			isa = XCConfigurationList;
			buildConfigurations = (
				2408715A203285800090CFCB /* Debug */,
				2408715B203285800090CFCB /* Release */,
			);
			defaultConfigurationIsVisible = 0;
			defaultConfigurationName = Release;
		};
/* End XCConfigurationList section */
	};
	rootObject = 2408713F203285800090CFCB /* Project object */;
}
